
Microsoft Visual Studio Solution File, Format Version 11.00
# Visual Studio 2010
Project("{FAE04EC0-301F-11D3-BF4B-00C04F79EFBC}") = "LittleCoco", "Assembly-CSharp.csproj", "{B4F7BDF1-2239-2D91-2623-7C321935AB61}"
EndProject
Project("{FAE04EC0-301F-11D3-BF4B-00C04F79EFBC}") = "LittleCoco", "Assembly-CSharp-Editor.csproj", "{C50AAC73-274A-AE52-49A1-1B6D1276E3D1}"
EndProject
Global
	GlobalSection(SolutionConfigurationPlatforms) = preSolution
		Debug|Any CPU = Debug|Any CPU
		Release|Any CPU = Release|Any CPU
	EndGlobalSection
	GlobalSection(ProjectConfigurationPlatforms) = postSolution
		{B4F7BDF1-2239-2D91-2623-7C321935AB61}.Debug|Any CPU.ActiveCfg = Debug|Any CPU
		{B4F7BDF1-2239-2D91-2623-7C321935AB61}.Debug|Any CPU.Build.0 = Debug|Any CPU
		{B4F7BDF1-2239-2D91-2623-7C321935AB61}.Release|Any CPU.ActiveCfg = Release|Any CPU
		{B4F7BDF1-2239-2D91-2623-7C321935AB61}.Release|Any CPU.Build.0 = Release|Any CPU
		{C50AAC73-274A-AE52-49A1-1B6D1276E3D1}.Debug|Any CPU.ActiveCfg = Debug|Any CPU
		{C50AAC73-274A-AE52-49A1-1B6D1276E3D1}.Debug|Any CPU.Build.0 = Debug|Any CPU
		{C50AAC73-274A-AE52-49A1-1B6D1276E3D1}.Release|Any CPU.ActiveCfg = Release|Any CPU
		{C50AAC73-274A-AE52-49A1-1B6D1276E3D1}.Release|Any CPU.Build.0 = Release|Any CPU
	EndGlobalSection
	GlobalSection(SolutionProperties) = preSolution
		HideSolutionNode = FALSE
	EndGlobalSection
	GlobalSection(MonoDevelopProperties) = preSolution
		StartupItem = Assembly-CSharp.csproj
	EndGlobalSection
EndGlobal
