
Microsoft Visual Studio Solution File, Format Version 12.00
# Visual Studio 2017
Project("{FAE04EC0-301F-11D3-BF4B-00C04F79EFBC}") = "LittleCoco.Plugins", "LittleCoco.Plugins.csproj", "{09A2C57A-337D-68B6-6CBD-17A275170A0E}"
EndProject
Project("{FAE04EC0-301F-11D3-BF4B-00C04F79EFBC}") = "LittleCoco", "LittleCoco.csproj", "{415ADA12-53DF-BBD5-784B-632EDFA55317}"
EndProject
Project("{FAE04EC0-301F-11D3-BF4B-00C04F79EFBC}") = "LittleCoco.Editor.Plugins", "LittleCoco.Editor.Plugins.csproj", "{456ACE82-705B-C4A4-A428-7BF880A38B2C}"
EndProject
Project("{FAE04EC0-301F-11D3-BF4B-00C04F79EFBC}") = "LittleCoco.Editor", "LittleCoco.Editor.csproj", "{94525D88-856A-DCAC-EB8C-FADBEB77A662}"
EndProject
Global
	GlobalSection(SolutionConfigurationPlatforms) = preSolution
		Debug|Any CPU = Debug|Any CPU
		Release|Any CPU = Release|Any CPU
	EndGlobalSection
	GlobalSection(ProjectConfigurationPlatforms) = postSolution
		{09A2C57A-337D-68B6-6CBD-17A275170A0E}.Debug|Any CPU.ActiveCfg = Debug|Any CPU
		{09A2C57A-337D-68B6-6CBD-17A275170A0E}.Debug|Any CPU.Build.0 = Debug|Any CPU
		{09A2C57A-337D-68B6-6CBD-17A275170A0E}.Release|Any CPU.ActiveCfg = Release|Any CPU
		{09A2C57A-337D-68B6-6CBD-17A275170A0E}.Release|Any CPU.Build.0 = Release|Any CPU
		{415ADA12-53DF-BBD5-784B-632EDFA55317}.Debug|Any CPU.ActiveCfg = Debug|Any CPU
		{415ADA12-53DF-BBD5-784B-632EDFA55317}.Debug|Any CPU.Build.0 = Debug|Any CPU
		{415ADA12-53DF-BBD5-784B-632EDFA55317}.Release|Any CPU.ActiveCfg = Release|Any CPU
		{415ADA12-53DF-BBD5-784B-632EDFA55317}.Release|Any CPU.Build.0 = Release|Any CPU
		{456ACE82-705B-C4A4-A428-7BF880A38B2C}.Debug|Any CPU.ActiveCfg = Debug|Any CPU
		{456ACE82-705B-C4A4-A428-7BF880A38B2C}.Debug|Any CPU.Build.0 = Debug|Any CPU
		{456ACE82-705B-C4A4-A428-7BF880A38B2C}.Release|Any CPU.ActiveCfg = Release|Any CPU
		{456ACE82-705B-C4A4-A428-7BF880A38B2C}.Release|Any CPU.Build.0 = Release|Any CPU
		{94525D88-856A-DCAC-EB8C-FADBEB77A662}.Debug|Any CPU.ActiveCfg = Debug|Any CPU
		{94525D88-856A-DCAC-EB8C-FADBEB77A662}.Debug|Any CPU.Build.0 = Debug|Any CPU
		{94525D88-856A-DCAC-EB8C-FADBEB77A662}.Release|Any CPU.ActiveCfg = Release|Any CPU
		{94525D88-856A-DCAC-EB8C-FADBEB77A662}.Release|Any CPU.Build.0 = Release|Any CPU
	EndGlobalSection
	GlobalSection(SolutionProperties) = preSolution
		HideSolutionNode = FALSE
	EndGlobalSection
EndGlobal
