
Microsoft Visual Studio Solution File, Format Version 12.00
# Visual Studio 2017
Project("{FAE04EC0-301F-11D3-BF4B-00C04F79EFBC}") = "LittleCoco", "LittleCoco.csproj", "{415ADA12-53DF-BBD5-784B-632EDFA55317}"
EndProject
Project("{FAE04EC0-301F-11D3-BF4B-00C04F79EFBC}") = "LittleCoco.Editor", "LittleCoco.Editor.csproj", "{94525D88-856A-DCAC-EB8C-FADBEB77A662}"
EndProject
Global
	GlobalSection(SolutionConfigurationPlatforms) = preSolution
		Debug|Any CPU = Debug|Any CPU
		Release|Any CPU = Release|Any CPU
	EndGlobalSection
	GlobalSection(ProjectConfigurationPlatforms) = postSolution
		{415ADA12-53DF-BBD5-784B-632EDFA55317}.Debug|Any CPU.ActiveCfg = Debug|Any CPU
		{415ADA12-53DF-BBD5-784B-632EDFA55317}.Debug|Any CPU.Build.0 = Debug|Any CPU
		{415ADA12-53DF-BBD5-784B-632EDFA55317}.Release|Any CPU.ActiveCfg = Release|Any CPU
		{415ADA12-53DF-BBD5-784B-632EDFA55317}.Release|Any CPU.Build.0 = Release|Any CPU
		{94525D88-856A-DCAC-EB8C-FADBEB77A662}.Debug|Any CPU.ActiveCfg = Debug|Any CPU
		{94525D88-856A-DCAC-EB8C-FADBEB77A662}.Debug|Any CPU.Build.0 = Debug|Any CPU
		{94525D88-856A-DCAC-EB8C-FADBEB77A662}.Release|Any CPU.ActiveCfg = Release|Any CPU
		{94525D88-856A-DCAC-EB8C-FADBEB77A662}.Release|Any CPU.Build.0 = Release|Any CPU
	EndGlobalSection
	GlobalSection(SolutionProperties) = preSolution
		HideSolutionNode = FALSE
	EndGlobalSection
EndGlobal
